
Microsoft Visual Studio Solution File, Format Version 12.00
# Visual Studio 15
VisualStudioVersion = 15.0.27703.2047
MinimumVisualStudioVersion = 10.0.40219.1
Project("{FAE04EC0-301F-11D3-BF4B-00C04F79EFBC}") = "DateTimePractice", "DateTimePractice\DateTimePractice.csproj", "{C3722696-DAB3-4121-94D2-172146E72FAF}"
EndProject
Global
	GlobalSection(SolutionConfigurationPlatforms) = preSolution
		Debug|Any CPU = Debug|Any CPU
		Release|Any CPU = Release|Any CPU
	EndGlobalSection
	GlobalSection(ProjectConfigurationPlatforms) = postSolution
		{C3722696-DAB3-4121-94D2-172146E72FAF}.Debug|Any CPU.ActiveCfg = Debug|Any CPU
		{C3722696-DAB3-4121-94D2-172146E72FAF}.Debug|Any CPU.Build.0 = Debug|Any CPU
		{C3722696-DAB3-4121-94D2-172146E72FAF}.Release|Any CPU.ActiveCfg = Release|Any CPU
		{C3722696-DAB3-4121-94D2-172146E72FAF}.Release|Any CPU.Build.0 = Release|Any CPU
	EndGlobalSection
	GlobalSection(SolutionProperties) = preSolution
		HideSolutionNode = FALSE
	EndGlobalSection
	GlobalSection(ExtensibilityGlobals) = postSolution
		SolutionGuid = {F106254B-32AD-4D5F-961A-B0E882C113F9}
	EndGlobalSection
EndGlobal
